
Microsoft Visual Studio Solution File, Format Version 12.00
# Visual Studio Version 17
VisualStudioVersion = 17.4.32804.182
MinimumVisualStudioVersion = 10.0.40219.1
Project("{9A19103F-16F7-4668-BE54-9A1E7A4F7556}") = "testcontainer", "testcontainer.csproj", "{FD57A8A7-B38B-4109-875D-14407F5125DF}"
EndProject
Global
	GlobalSection(SolutionConfigurationPlatforms) = preSolution
		Debug|Any CPU = Debug|Any CPU
		Release|Any CPU = Release|Any CPU
	EndGlobalSection
	GlobalSection(ProjectConfigurationPlatforms) = postSolution
		{FD57A8A7-B38B-4109-875D-14407F5125DF}.Debug|Any CPU.ActiveCfg = Debug|Any CPU
		{FD57A8A7-B38B-4109-875D-14407F5125DF}.Debug|Any CPU.Build.0 = Debug|Any CPU
		{FD57A8A7-B38B-4109-875D-14407F5125DF}.Release|Any CPU.ActiveCfg = Release|Any CPU
		{FD57A8A7-B38B-4109-875D-14407F5125DF}.Release|Any CPU.Build.0 = Release|Any CPU
	EndGlobalSection
	GlobalSection(SolutionProperties) = preSolution
		HideSolutionNode = FALSE
	EndGlobalSection
	GlobalSection(ExtensibilityGlobals) = postSolution
		SolutionGuid = {D5DC209C-CD6C-4521-A121-A1960EC9E65F}
	EndGlobalSection
EndGlobal
